
Microsoft Visual Studio Solution File, Format Version 12.00
# Visual Studio Version 16
VisualStudioVersion = 16.0.32929.386
MinimumVisualStudioVersion = 10.0.40219.1
Project("{FAE04EC0-301F-11D3-BF4B-00C04F79EFBC}") = "ProductApi", "ProductApi\ProductApi.csproj", "{0F016331-9E7B-40EB-B7A3-0748C9FAD730}"
EndProject
Global
	GlobalSection(SolutionConfigurationPlatforms) = preSolution
		Debug|Any CPU = Debug|Any CPU
		Release|Any CPU = Release|Any CPU
	EndGlobalSection
	GlobalSection(ProjectConfigurationPlatforms) = postSolution
		{0F016331-9E7B-40EB-B7A3-0748C9FAD730}.Debug|Any CPU.ActiveCfg = Debug|Any CPU
		{0F016331-9E7B-40EB-B7A3-0748C9FAD730}.Debug|Any CPU.Build.0 = Debug|Any CPU
		{0F016331-9E7B-40EB-B7A3-0748C9FAD730}.Release|Any CPU.ActiveCfg = Release|Any CPU
		{0F016331-9E7B-40EB-B7A3-0748C9FAD730}.Release|Any CPU.Build.0 = Release|Any CPU
	EndGlobalSection
	GlobalSection(SolutionProperties) = preSolution
		HideSolutionNode = FALSE
	EndGlobalSection
	GlobalSection(ExtensibilityGlobals) = postSolution
		SolutionGuid = {CC3A7E07-22EB-4B82-9BB5-90DD3D4C260F}
	EndGlobalSection
EndGlobal
